// !$*UTF8*$!
{
	archiveVersion = 1;
	classes = {
	};
	objectVersion = 50;
	objects = {

/* Begin PBXBuildFile section */
		3C5A069A221FC40C00EA64FF /* StringEx.swift in Sources */ = {isa = PBXBuildFile; fileRef = 3C5A0699221FC40C00EA64FF /* StringEx.swift */; };
		3C8BE647222E166900140794 /* AttributedStringFactory.swift in Sources */ = {isa = PBXBuildFile; fileRef = 3C8BE646222E166900140794 /* AttributedStringFactory.swift */; };
		3C8D2C7F221FA0D900FE89FC /* AppDelegate.swift in Sources */ = {isa = PBXBuildFile; fileRef = 3C8D2C7E221FA0D900FE89FC /* AppDelegate.swift */; };
		3C8D2C81221FA0D900FE89FC /* ViewController.swift in Sources */ = {isa = PBXBuildFile; fileRef = 3C8D2C80221FA0D900FE89FC /* ViewController.swift */; };
		3C8D2C84221FA0D900FE89FC /* Main.storyboard in Resources */ = {isa = PBXBuildFile; fileRef = 3C8D2C82221FA0D900FE89FC /* Main.storyboard */; };
		3C8D2C86221FA0DB00FE89FC /* Assets.xcassets in Resources */ = {isa = PBXBuildFile; fileRef = 3C8D2C85221FA0DB00FE89FC /* Assets.xcassets */; };
		3C8D2C89221FA0DB00FE89FC /* LaunchScreen.storyboard in Resources */ = {isa = PBXBuildFile; fileRef = 3C8D2C87221FA0DB00FE89FC /* LaunchScreen.storyboard */; };
		3C8D2C94221FA0DB00FE89FC /* iOSUtilTests.swift in Sources */ = {isa = PBXBuildFile; fileRef = 3C8D2C93221FA0DB00FE89FC /* iOSUtilTests.swift */; };
		3C8D2C9F221FA0DB00FE89FC /* iOSUtilUITests.swift in Sources */ = {isa = PBXBuildFile; fileRef = 3C8D2C9E221FA0DB00FE89FC /* iOSUtilUITests.swift */; };
		3C8F676B2227AABD00A711AC /* UIColorEx.swift in Sources */ = {isa = PBXBuildFile; fileRef = 3C8F676A2227AABD00A711AC /* UIColorEx.swift */; };
		3C8F676F2227AB5A00A711AC /* NSObject+SW.m in Sources */ = {isa = PBXBuildFile; fileRef = 3C8F676E2227AB5A00A711AC /* NSObject+SW.m */; };
		3CE97330223F836800660199 /* UIViewEx.swift in Sources */ = {isa = PBXBuildFile; fileRef = 3CE9732F223F836800660199 /* UIViewEx.swift */; };
/* End PBXBuildFile section */

/* Begin PBXContainerItemProxy section */
		3C8D2C90221FA0DB00FE89FC /* PBXContainerItemProxy */ = {
			isa = PBXContainerItemProxy;
			containerPortal = 3C8D2C73221FA0D900FE89FC /* Project object */;
			proxyType = 1;
			remoteGlobalIDString = 3C8D2C7A221FA0D900FE89FC;
			remoteInfo = iOSUtil;
		};
		3C8D2C9B221FA0DB00FE89FC /* PBXContainerItemProxy */ = {
			isa = PBXContainerItemProxy;
			containerPortal = 3C8D2C73221FA0D900FE89FC /* Project object */;
			proxyType = 1;
			remoteGlobalIDString = 3C8D2C7A221FA0D900FE89FC;
			remoteInfo = iOSUtil;
		};
/* End PBXContainerItemProxy section */

/* Begin PBXFileReference section */
		3C5A0699221FC40C00EA64FF /* StringEx.swift */ = {isa = PBXFileReference; lastKnownFileType = sourcecode.swift; path = StringEx.swift; sourceTree = "<group>"; };
		3C8BE646222E166900140794 /* AttributedStringFactory.swift */ = {isa = PBXFileReference; lastKnownFileType = sourcecode.swift; path = AttributedStringFactory.swift; sourceTree = "<group>"; };
		3C8D2C7B221FA0D900FE89FC /* iOSUtil.app */ = {isa = PBXFileReference; explicitFileType = wrapper.application; includeInIndex = 0; path = iOSUtil.app; sourceTree = BUILT_PRODUCTS_DIR; };
		3C8D2C7E221FA0D900FE89FC /* AppDelegate.swift */ = {isa = PBXFileReference; lastKnownFileType = sourcecode.swift; path = AppDelegate.swift; sourceTree = "<group>"; };
		3C8D2C80221FA0D900FE89FC /* ViewController.swift */ = {isa = PBXFileReference; lastKnownFileType = sourcecode.swift; path = ViewController.swift; sourceTree = "<group>"; };
		3C8D2C83221FA0D900FE89FC /* Base */ = {isa = PBXFileReference; lastKnownFileType = file.storyboard; name = Base; path = Base.lproj/Main.storyboard; sourceTree = "<group>"; };
		3C8D2C85221FA0DB00FE89FC /* Assets.xcassets */ = {isa = PBXFileReference; lastKnownFileType = folder.assetcatalog; path = Assets.xcassets; sourceTree = "<group>"; };
		3C8D2C88221FA0DB00FE89FC /* Base */ = {isa = PBXFileReference; lastKnownFileType = file.storyboard; name = Base; path = Base.lproj/LaunchScreen.storyboard; sourceTree = "<group>"; };
		3C8D2C8A221FA0DB00FE89FC /* Info.plist */ = {isa = PBXFileReference; lastKnownFileType = text.plist.xml; path = Info.plist; sourceTree = "<group>"; };
		3C8D2C8F221FA0DB00FE89FC /* iOSUtilTests.xctest */ = {isa = PBXFileReference; explicitFileType = wrapper.cfbundle; includeInIndex = 0; path = iOSUtilTests.xctest; sourceTree = BUILT_PRODUCTS_DIR; };
		3C8D2C93221FA0DB00FE89FC /* iOSUtilTests.swift */ = {isa = PBXFileReference; lastKnownFileType = sourcecode.swift; path = iOSUtilTests.swift; sourceTree = "<group>"; };
		3C8D2C95221FA0DB00FE89FC /* Info.plist */ = {isa = PBXFileReference; lastKnownFileType = text.plist.xml; path = Info.plist; sourceTree = "<group>"; };
		3C8D2C9A221FA0DB00FE89FC /* iOSUtilUITests.xctest */ = {isa = PBXFileReference; explicitFileType = wrapper.cfbundle; includeInIndex = 0; path = iOSUtilUITests.xctest; sourceTree = BUILT_PRODUCTS_DIR; };
		3C8D2C9E221FA0DB00FE89FC /* iOSUtilUITests.swift */ = {isa = PBXFileReference; lastKnownFileType = sourcecode.swift; path = iOSUtilUITests.swift; sourceTree = "<group>"; };
		3C8D2CA0221FA0DB00FE89FC /* Info.plist */ = {isa = PBXFileReference; lastKnownFileType = text.plist.xml; path = Info.plist; sourceTree = "<group>"; };
		3C8F676A2227AABD00A711AC /* UIColorEx.swift */ = {isa = PBXFileReference; lastKnownFileType = sourcecode.swift; path = UIColorEx.swift; sourceTree = "<group>"; };
		3C8F676C2227AB5900A711AC /* iOSUtil-Bridging-Header.h */ = {isa = PBXFileReference; lastKnownFileType = sourcecode.c.h; path = "iOSUtil-Bridging-Header.h"; sourceTree = "<group>"; };
		3C8F676D2227AB5A00A711AC /* NSObject+SW.h */ = {isa = PBXFileReference; fileEncoding = 4; lastKnownFileType = sourcecode.c.h; path = "NSObject+SW.h"; sourceTree = "<group>"; };
		3C8F676E2227AB5A00A711AC /* NSObject+SW.m */ = {isa = PBXFileReference; fileEncoding = 4; lastKnownFileType = sourcecode.c.objc; path = "NSObject+SW.m"; sourceTree = "<group>"; };
		3CE9732F223F836800660199 /* UIViewEx.swift */ = {isa = PBXFileReference; lastKnownFileType = sourcecode.swift; path = UIViewEx.swift; sourceTree = "<group>"; };
/* End PBXFileReference section */

/* Begin PBXFrameworksBuildPhase section */
		3C8D2C78221FA0D900FE89FC /* Frameworks */ = {
			isa = PBXFrameworksBuildPhase;
			buildActionMask = 2147483647;
			files = (
			);
			runOnlyForDeploymentPostprocessing = 0;
		};
		3C8D2C8C221FA0DB00FE89FC /* Frameworks */ = {
			isa = PBXFrameworksBuildPhase;
			buildActionMask = 2147483647;
			files = (
			);
			runOnlyForDeploymentPostprocessing = 0;
		};
		3C8D2C97221FA0DB00FE89FC /* Frameworks */ = {
			isa = PBXFrameworksBuildPhase;
			buildActionMask = 2147483647;
			files = (
			);
			runOnlyForDeploymentPostprocessing = 0;
		};
/* End PBXFrameworksBuildPhase section */

/* Begin PBXGroup section */
		3C8D2C72221FA0D900FE89FC = {
			isa = PBXGroup;
			children = (
				3C8D2C7D221FA0D900FE89FC /* iOSUtil */,
				3C8D2C92221FA0DB00FE89FC /* iOSUtilTests */,
				3C8D2C9D221FA0DB00FE89FC /* iOSUtilUITests */,
				3C8D2C7C221FA0D900FE89FC /* Products */,
			);
			sourceTree = "<group>";
		};
		3C8D2C7C221FA0D900FE89FC /* Products */ = {
			isa = PBXGroup;
			children = (
				3C8D2C7B221FA0D900FE89FC /* iOSUtil.app */,
				3C8D2C8F221FA0DB00FE89FC /* iOSUtilTests.xctest */,
				3C8D2C9A221FA0DB00FE89FC /* iOSUtilUITests.xctest */,
			);
			name = Products;
			sourceTree = "<group>";
		};
		3C8D2C7D221FA0D900FE89FC /* iOSUtil */ = {
			isa = PBXGroup;
			children = (
				3C8D2CAF221FA17000FE89FC /* Extension */,
				3C8D2CAC221FA0F000FE89FC /* Util */,
				3C8D2C7E221FA0D900FE89FC /* AppDelegate.swift */,
				3C8D2C80221FA0D900FE89FC /* ViewController.swift */,
				3C8D2C82221FA0D900FE89FC /* Main.storyboard */,
				3C8D2C85221FA0DB00FE89FC /* Assets.xcassets */,
				3C8D2C87221FA0DB00FE89FC /* LaunchScreen.storyboard */,
				3C8D2C8A221FA0DB00FE89FC /* Info.plist */,
			);
			path = iOSUtil;
			sourceTree = "<group>";
		};
		3C8D2C92221FA0DB00FE89FC /* iOSUtilTests */ = {
			isa = PBXGroup;
			children = (
				3C8D2C93221FA0DB00FE89FC /* iOSUtilTests.swift */,
				3C8D2C95221FA0DB00FE89FC /* Info.plist */,
			);
			path = iOSUtilTests;
			sourceTree = "<group>";
		};
		3C8D2C9D221FA0DB00FE89FC /* iOSUtilUITests */ = {
			isa = PBXGroup;
			children = (
				3C8D2C9E221FA0DB00FE89FC /* iOSUtilUITests.swift */,
				3C8D2CA0221FA0DB00FE89FC /* Info.plist */,
			);
			path = iOSUtilUITests;
			sourceTree = "<group>";
		};
		3C8D2CAC221FA0F000FE89FC /* Util */ = {
			isa = PBXGroup;
			children = (
				3C8BE646222E166900140794 /* AttributedStringFactory.swift */,
			);
			path = Util;
			sourceTree = "<group>";
		};
		3C8D2CAF221FA17000FE89FC /* Extension */ = {
			isa = PBXGroup;
			children = (
				3C8F676D2227AB5A00A711AC /* NSObject+SW.h */,
				3C8F676E2227AB5A00A711AC /* NSObject+SW.m */,
				3C5A0699221FC40C00EA64FF /* StringEx.swift */,
				3C8F676A2227AABD00A711AC /* UIColorEx.swift */,
				3C8F676C2227AB5900A711AC /* iOSUtil-Bridging-Header.h */,
				3CE9732F223F836800660199 /* UIViewEx.swift */,
			);
			path = Extension;
			sourceTree = "<group>";
		};
/* End PBXGroup section */

/* Begin PBXNativeTarget section */
		3C8D2C7A221FA0D900FE89FC /* iOSUtil */ = {
			isa = PBXNativeTarget;
			buildConfigurationList = 3C8D2CA3221FA0DB00FE89FC /* Build configuration list for PBXNativeTarget "iOSUtil" */;
			buildPhases = (
				3C8D2C77221FA0D900FE89FC /* Sources */,
				3C8D2C78221FA0D900FE89FC /* Frameworks */,
				3C8D2C79221FA0D900FE89FC /* Resources */,
			);
			buildRules = (
			);
			dependencies = (
			);
			name = iOSUtil;
			productName = iOSUtil;
			productReference = 3C8D2C7B221FA0D900FE89FC /* iOSUtil.app */;
			productType = "com.apple.product-type.application";
		};
		3C8D2C8E221FA0DB00FE89FC /* iOSUtilTests */ = {
			isa = PBXNativeTarget;
			buildConfigurationList = 3C8D2CA6221FA0DB00FE89FC /* Build configuration list for PBXNativeTarget "iOSUtilTests" */;
			buildPhases = (
				3C8D2C8B221FA0DB00FE89FC /* Sources */,
				3C8D2C8C221FA0DB00FE89FC /* Frameworks */,
				3C8D2C8D221FA0DB00FE89FC /* Resources */,
			);
			buildRules = (
			);
			dependencies = (
				3C8D2C91221FA0DB00FE89FC /* PBXTargetDependency */,
			);
			name = iOSUtilTests;
			productName = iOSUtilTests;
			productReference = 3C8D2C8F221FA0DB00FE89FC /* iOSUtilTests.xctest */;
			productType = "com.apple.product-type.bundle.unit-test";
		};
		3C8D2C99221FA0DB00FE89FC /* iOSUtilUITests */ = {
			isa = PBXNativeTarget;
			buildConfigurationList = 3C8D2CA9221FA0DB00FE89FC /* Build configuration list for PBXNativeTarget "iOSUtilUITests" */;
			buildPhases = (
				3C8D2C96221FA0DB00FE89FC /* Sources */,
				3C8D2C97221FA0DB00FE89FC /* Frameworks */,
				3C8D2C98221FA0DB00FE89FC /* Resources */,
			);
			buildRules = (
			);
			dependencies = (
				3C8D2C9C221FA0DB00FE89FC /* PBXTargetDependency */,
			);
			name = iOSUtilUITests;
			productName = iOSUtilUITests;
			productReference = 3C8D2C9A221FA0DB00FE89FC /* iOSUtilUITests.xctest */;
			productType = "com.apple.product-type.bundle.ui-testing";
		};
/* End PBXNativeTarget section */

/* Begin PBXProject section */
		3C8D2C73221FA0D900FE89FC /* Project object */ = {
			isa = PBXProject;
			attributes = {
				LastSwiftUpdateCheck = 1010;
				LastUpgradeCheck = 1010;
				ORGANIZATIONNAME = wooky;
				TargetAttributes = {
					3C8D2C7A221FA0D900FE89FC = {
						CreatedOnToolsVersion = 10.1;
						LastSwiftMigration = 1010;
					};
					3C8D2C8E221FA0DB00FE89FC = {
						CreatedOnToolsVersion = 10.1;
						TestTargetID = 3C8D2C7A221FA0D900FE89FC;
					};
					3C8D2C99221FA0DB00FE89FC = {
						CreatedOnToolsVersion = 10.1;
						TestTargetID = 3C8D2C7A221FA0D900FE89FC;
					};
				};
			};
			buildConfigurationList = 3C8D2C76221FA0D900FE89FC /* Build configuration list for PBXProject "iOSUtil" */;
			compatibilityVersion = "Xcode 9.3";
			developmentRegion = en;
			hasScannedForEncodings = 0;
			knownRegions = (
				en,
				Base,
			);
			mainGroup = 3C8D2C72221FA0D900FE89FC;
			productRefGroup = 3C8D2C7C221FA0D900FE89FC /* Products */;
			projectDirPath = "";
			projectRoot = "";
			targets = (
				3C8D2C7A221FA0D900FE89FC /* iOSUtil */,
				3C8D2C8E221FA0DB00FE89FC /* iOSUtilTests */,
				3C8D2C99221FA0DB00FE89FC /* iOSUtilUITests */,
			);
		};
/* End PBXProject section */

/* Begin PBXResourcesBuildPhase section */
		3C8D2C79221FA0D900FE89FC /* Resources */ = {
			isa = PBXResourcesBuildPhase;
			buildActionMask = 2147483647;
			files = (
				3C8D2C89221FA0DB00FE89FC /* LaunchScreen.storyboard in Resources */,
				3C8D2C86221FA0DB00FE89FC /* Assets.xcassets in Resources */,
				3C8D2C84221FA0D900FE89FC /* Main.storyboard in Resources */,
			);
			runOnlyForDeploymentPostprocessing = 0;
		};
		3C8D2C8D221FA0DB00FE89FC /* Resources */ = {
			isa = PBXResourcesBuildPhase;
			buildActionMask = 2147483647;
			files = (
			);
			runOnlyForDeploymentPostprocessing = 0;
		};
		3C8D2C98221FA0DB00FE89FC /* Resources */ = {
			isa = PBXResourcesBuildPhase;
			buildActionMask = 2147483647;
			files = (
			);
			runOnlyForDeploymentPostprocessing = 0;
		};
/* End PBXResourcesBuildPhase section */

/* Begin PBXSourcesBuildPhase section */
		3C8D2C77221FA0D900FE89FC /* Sources */ = {
			isa = PBXSourcesBuildPhase;
			buildActionMask = 2147483647;
			files = (
				3C8F676B2227AABD00A711AC /* UIColorEx.swift in Sources */,
				3C8BE647222E166900140794 /* AttributedStringFactory.swift in Sources */,
				3C8D2C81221FA0D900FE89FC /* ViewController.swift in Sources */,
				3CE97330223F836800660199 /* UIViewEx.swift in Sources */,
				3C5A069A221FC40C00EA64FF /* StringEx.swift in Sources */,
				3C8F676F2227AB5A00A711AC /* NSObject+SW.m in Sources */,
				3C8D2C7F221FA0D900FE89FC /* AppDelegate.swift in Sources */,
			);
			runOnlyForDeploymentPostprocessing = 0;
		};
		3C8D2C8B221FA0DB00FE89FC /* Sources */ = {
			isa = PBXSourcesBuildPhase;
			buildActionMask = 2147483647;
			files = (
				3C8D2C94221FA0DB00FE89FC /* iOSUtilTests.swift in Sources */,
			);
			runOnlyForDeploymentPostprocessing = 0;
		};
		3C8D2C96221FA0DB00FE89FC /* Sources */ = {
			isa = PBXSourcesBuildPhase;
			buildActionMask = 2147483647;
			files = (
				3C8D2C9F221FA0DB00FE89FC /* iOSUtilUITests.swift in Sources */,
			);
			runOnlyForDeploymentPostprocessing = 0;
		};
/* End PBXSourcesBuildPhase section */

/* Begin PBXTargetDependency section */
		3C8D2C91221FA0DB00FE89FC /* PBXTargetDependency */ = {
			isa = PBXTargetDependency;
			target = 3C8D2C7A221FA0D900FE89FC /* iOSUtil */;
			targetProxy = 3C8D2C90221FA0DB00FE89FC /* PBXContainerItemProxy */;
		};
		3C8D2C9C221FA0DB00FE89FC /* PBXTargetDependency */ = {
			isa = PBXTargetDependency;
			target = 3C8D2C7A221FA0D900FE89FC /* iOSUtil */;
			targetProxy = 3C8D2C9B221FA0DB00FE89FC /* PBXContainerItemProxy */;
		};
/* End PBXTargetDependency section */

/* Begin PBXVariantGroup section */
		3C8D2C82221FA0D900FE89FC /* Main.storyboard */ = {
			isa = PBXVariantGroup;
			children = (
				3C8D2C83221FA0D900FE89FC /* Base */,
			);
			name = Main.storyboard;
			sourceTree = "<group>";
		};
		3C8D2C87221FA0DB00FE89FC /* LaunchScreen.storyboard */ = {
			isa = PBXVariantGroup;
			children = (
				3C8D2C88221FA0DB00FE89FC /* Base */,
			);
			name = LaunchScreen.storyboard;
			sourceTree = "<group>";
		};
/* End PBXVariantGroup section */

/* Begin XCBuildConfiguration section */
		3C8D2CA1221FA0DB00FE89FC /* Debug */ = {
			isa = XCBuildConfiguration;
			buildSettings = {
				ALWAYS_SEARCH_USER_PATHS = NO;
				CLANG_ANALYZER_NONNULL = YES;
				CLANG_ANALYZER_NUMBER_OBJECT_CONVERSION = YES_AGGRESSIVE;
				CLANG_CXX_LANGUAGE_STANDARD = "gnu++14";
				CLANG_CXX_LIBRARY = "libc++";
				CLANG_ENABLE_MODULES = YES;
				CLANG_ENABLE_OBJC_ARC = YES;
				CLANG_ENABLE_OBJC_WEAK = YES;
				CLANG_WARN_BLOCK_CAPTURE_AUTORELEASING = YES;
				CLANG_WARN_BOOL_CONVERSION = YES;
				CLANG_WARN_COMMA = YES;
				CLANG_WARN_CONSTANT_CONVERSION = YES;
				CLANG_WARN_DEPRECATED_OBJC_IMPLEMENTATIONS = YES;
				CLANG_WARN_DIRECT_OBJC_ISA_USAGE = YES_ERROR;
				CLANG_WARN_DOCUMENTATION_COMMENTS = YES;
				CLANG_WARN_EMPTY_BODY = YES;
				CLANG_WARN_ENUM_CONVERSION = YES;
				CLANG_WARN_INFINITE_RECURSION = YES;
				CLANG_WARN_INT_CONVERSION = YES;
				CLANG_WARN_NON_LITERAL_NULL_CONVERSION = YES;
				CLANG_WARN_OBJC_IMPLICIT_RETAIN_SELF = YES;
				CLANG_WARN_OBJC_LITERAL_CONVERSION = YES;
				CLANG_WARN_OBJC_ROOT_CLASS = YES_ERROR;
				CLANG_WARN_RANGE_LOOP_ANALYSIS = YES;
				CLANG_WARN_STRICT_PROTOTYPES = YES;
				CLANG_WARN_SUSPICIOUS_MOVE = YES;
				CLANG_WARN_UNGUARDED_AVAILABILITY = YES_AGGRESSIVE;
				CLANG_WARN_UNREACHABLE_CODE = YES;
				CLANG_WARN__DUPLICATE_METHOD_MATCH = YES;
				CODE_SIGN_IDENTITY = "iPhone Developer";
				COPY_PHASE_STRIP = NO;
				DEBUG_INFORMATION_FORMAT = dwarf;
				ENABLE_STRICT_OBJC_MSGSEND = YES;
				ENABLE_TESTABILITY = YES;
				GCC_C_LANGUAGE_STANDARD = gnu11;
				GCC_DYNAMIC_NO_PIC = NO;
				GCC_NO_COMMON_BLOCKS = YES;
				GCC_OPTIMIZATION_LEVEL = 0;
				GCC_PREPROCESSOR_DEFINITIONS = (
					"DEBUG=1",
					"$(inherited)",
				);
				GCC_WARN_64_TO_32_BIT_CONVERSION = YES;
				GCC_WARN_ABOUT_RETURN_TYPE = YES_ERROR;
				GCC_WARN_UNDECLARED_SELECTOR = YES;
				GCC_WARN_UNINITIALIZED_AUTOS = YES_AGGRESSIVE;
				GCC_WARN_UNUSED_FUNCTION = YES;
				GCC_WARN_UNUSED_VARIABLE = YES;
				IPHONEOS_DEPLOYMENT_TARGET = 12.1;
				MTL_ENABLE_DEBUG_INFO = INCLUDE_SOURCE;
				MTL_FAST_MATH = YES;
				ONLY_ACTIVE_ARCH = YES;
				SDKROOT = iphoneos;
				SWIFT_ACTIVE_COMPILATION_CONDITIONS = DEBUG;
				SWIFT_OPTIMIZATION_LEVEL = "-Onone";
			};
			name = Debug;
		};
		3C8D2CA2221FA0DB00FE89FC /* Release */ = {
			isa = XCBuildConfiguration;
			buildSettings = {
				ALWAYS_SEARCH_USER_PATHS = NO;
				CLANG_ANALYZER_NONNULL = YES;
				CLANG_ANALYZER_NUMBER_OBJECT_CONVERSION = YES_AGGRESSIVE;
				CLANG_CXX_LANGUAGE_STANDARD = "gnu++14";
				CLANG_CXX_LIBRARY = "libc++";
				CLANG_ENABLE_MODULES = YES;
				CLANG_ENABLE_OBJC_ARC = YES;
				CLANG_ENABLE_OBJC_WEAK = YES;
				CLANG_WARN_BLOCK_CAPTURE_AUTORELEASING = YES;
				CLANG_WARN_BOOL_CONVERSION = YES;
				CLANG_WARN_COMMA = YES;
				CLANG_WARN_CONSTANT_CONVERSION = YES;
				CLANG_WARN_DEPRECATED_OBJC_IMPLEMENTATIONS = YES;
				CLANG_WARN_DIRECT_OBJC_ISA_USAGE = YES_ERROR;
				CLANG_WARN_DOCUMENTATION_COMMENTS = YES;
				CLANG_WARN_EMPTY_BODY = YES;
				CLANG_WARN_ENUM_CONVERSION = YES;
				CLANG_WARN_INFINITE_RECURSION = YES;
				CLANG_WARN_INT_CONVERSION = YES;
				CLANG_WARN_NON_LITERAL_NULL_CONVERSION = YES;
				CLANG_WARN_OBJC_IMPLICIT_RETAIN_SELF = YES;
				CLANG_WARN_OBJC_LITERAL_CONVERSION = YES;
				CLANG_WARN_OBJC_ROOT_CLASS = YES_ERROR;
				CLANG_WARN_RANGE_LOOP_ANALYSIS = YES;
				CLANG_WARN_STRICT_PROTOTYPES = YES;
				CLANG_WARN_SUSPICIOUS_MOVE = YES;
				CLANG_WARN_UNGUARDED_AVAILABILITY = YES_AGGRESSIVE;
				CLANG_WARN_UNREACHABLE_CODE = YES;
				CLANG_WARN__DUPLICATE_METHOD_MATCH = YES;
				CODE_SIGN_IDENTITY = "iPhone Developer";
				COPY_PHASE_STRIP = NO;
				DEBUG_INFORMATION_FORMAT = "dwarf-with-dsym";
				ENABLE_NS_ASSERTIONS = NO;
				ENABLE_STRICT_OBJC_MSGSEND = YES;
				GCC_C_LANGUAGE_STANDARD = gnu11;
				GCC_NO_COMMON_BLOCKS = YES;
				GCC_WARN_64_TO_32_BIT_CONVERSION = YES;
				GCC_WARN_ABOUT_RETURN_TYPE = YES_ERROR;
				GCC_WARN_UNDECLARED_SELECTOR = YES;
				GCC_WARN_UNINITIALIZED_AUTOS = YES_AGGRESSIVE;
				GCC_WARN_UNUSED_FUNCTION = YES;
				GCC_WARN_UNUSED_VARIABLE = YES;
				IPHONEOS_DEPLOYMENT_TARGET = 12.1;
				MTL_ENABLE_DEBUG_INFO = NO;
				MTL_FAST_MATH = YES;
				SDKROOT = iphoneos;
				SWIFT_COMPILATION_MODE = wholemodule;
				SWIFT_OPTIMIZATION_LEVEL = "-O";
				VALIDATE_PRODUCT = YES;
			};
			name = Release;
		};
		3C8D2CA4221FA0DB00FE89FC /* Debug */ = {
			isa = XCBuildConfiguration;
			buildSettings = {
				ASSETCATALOG_COMPILER_APPICON_NAME = AppIcon;
				CLANG_ENABLE_MODULES = YES;
				CODE_SIGN_STYLE = Automatic;
				INFOPLIST_FILE = iOSUtil/Info.plist;
				LD_RUNPATH_SEARCH_PATHS = (
					"$(inherited)",
					"@executable_path/Frameworks",
				);
				PRODUCT_BUNDLE_IDENTIFIER = com.wooky83.iOSUtil;
				PRODUCT_NAME = "$(TARGET_NAME)";
				SWIFT_OBJC_BRIDGING_HEADER = "iOSUtil/Extension/iOSUtil-Bridging-Header.h";
				SWIFT_OPTIMIZATION_LEVEL = "-Onone";
				SWIFT_VERSION = 4.2;
				TARGETED_DEVICE_FAMILY = "1,2";
			};
			name = Debug;
		};
		3C8D2CA5221FA0DB00FE89FC /* Release */ = {
			isa = XCBuildConfiguration;
			buildSettings = {
				ASSETCATALOG_COMPILER_APPICON_NAME = AppIcon;
				CLANG_ENABLE_MODULES = YES;
				CODE_SIGN_STYLE = Automatic;
				INFOPLIST_FILE = iOSUtil/Info.plist;
				LD_RUNPATH_SEARCH_PATHS = (
					"$(inherited)",
					"@executable_path/Frameworks",
				);
				PRODUCT_BUNDLE_IDENTIFIER = com.wooky83.iOSUtil;
				PRODUCT_NAME = "$(TARGET_NAME)";
				SWIFT_OBJC_BRIDGING_HEADER = "iOSUtil/Extension/iOSUtil-Bridging-Header.h";
				SWIFT_VERSION = 4.2;
				TARGETED_DEVICE_FAMILY = "1,2";
			};
			name = Release;
		};
		3C8D2CA7221FA0DB00FE89FC /* Debug */ = {
			isa = XCBuildConfiguration;
			buildSettings = {
				ALWAYS_EMBED_SWIFT_STANDARD_LIBRARIES = YES;
				BUNDLE_LOADER = "$(TEST_HOST)";
				CODE_SIGN_STYLE = Automatic;
				INFOPLIST_FILE = iOSUtilTests/Info.plist;
				LD_RUNPATH_SEARCH_PATHS = (
					"$(inherited)",
					"@executable_path/Frameworks",
					"@loader_path/Frameworks",
				);
				PRODUCT_BUNDLE_IDENTIFIER = com.wooky83.iOSUtilTests;
				PRODUCT_NAME = "$(TARGET_NAME)";
				SWIFT_VERSION = 4.2;
				TARGETED_DEVICE_FAMILY = "1,2";
				TEST_HOST = "$(BUILT_PRODUCTS_DIR)/iOSUtil.app/iOSUtil";
			};
			name = Debug;
		};
		3C8D2CA8221FA0DB00FE89FC /* Release */ = {
			isa = XCBuildConfiguration;
			buildSettings = {
				ALWAYS_EMBED_SWIFT_STANDARD_LIBRARIES = YES;
				BUNDLE_LOADER = "$(TEST_HOST)";
				CODE_SIGN_STYLE = Automatic;
				INFOPLIST_FILE = iOSUtilTests/Info.plist;
				LD_RUNPATH_SEARCH_PATHS = (
					"$(inherited)",
					"@executable_path/Frameworks",
					"@loader_path/Frameworks",
				);
				PRODUCT_BUNDLE_IDENTIFIER = com.wooky83.iOSUtilTests;
				PRODUCT_NAME = "$(TARGET_NAME)";
				SWIFT_VERSION = 4.2;
				TARGETED_DEVICE_FAMILY = "1,2";
				TEST_HOST = "$(BUILT_PRODUCTS_DIR)/iOSUtil.app/iOSUtil";
			};
			name = Release;
		};
		3C8D2CAA221FA0DB00FE89FC /* Debug */ = {
			isa = XCBuildConfiguration;
			buildSettings = {
				ALWAYS_EMBED_SWIFT_STANDARD_LIBRARIES = YES;
				CODE_SIGN_STYLE = Automatic;
				INFOPLIST_FILE = iOSUtilUITests/Info.plist;
				LD_RUNPATH_SEARCH_PATHS = (
					"$(inherited)",
					"@executable_path/Frameworks",
					"@loader_path/Frameworks",
				);
				PRODUCT_BUNDLE_IDENTIFIER = com.wooky83.iOSUtilUITests;
				PRODUCT_NAME = "$(TARGET_NAME)";
				SWIFT_VERSION = 4.2;
				TARGETED_DEVICE_FAMILY = "1,2";
				TEST_TARGET_NAME = iOSUtil;
			};
			name = Debug;
		};
		3C8D2CAB221FA0DB00FE89FC /* Release */ = {
			isa = XCBuildConfiguration;
			buildSettings = {
				ALWAYS_EMBED_SWIFT_STANDARD_LIBRARIES = YES;
				CODE_SIGN_STYLE = Automatic;
				INFOPLIST_FILE = iOSUtilUITests/Info.plist;
				LD_RUNPATH_SEARCH_PATHS = (
					"$(inherited)",
					"@executable_path/Frameworks",
					"@loader_path/Frameworks",
				);
				PRODUCT_BUNDLE_IDENTIFIER = com.wooky83.iOSUtilUITests;
				PRODUCT_NAME = "$(TARGET_NAME)";
				SWIFT_VERSION = 4.2;
				TARGETED_DEVICE_FAMILY = "1,2";
				TEST_TARGET_NAME = iOSUtil;
			};
			name = Release;
		};
/* End XCBuildConfiguration section */

/* Begin XCConfigurationList section */
		3C8D2C76221FA0D900FE89FC /* Build configuration list for PBXProject "iOSUtil" */ = {
			isa = XCConfigurationList;
			buildConfigurations = (
				3C8D2CA1221FA0DB00FE89FC /* Debug */,
				3C8D2CA2221FA0DB00FE89FC /* Release */,
			);
			defaultConfigurationIsVisible = 0;
			defaultConfigurationName = Release;
		};
		3C8D2CA3221FA0DB00FE89FC /* Build configuration list for PBXNativeTarget "iOSUtil" */ = {
			isa = XCConfigurationList;
			buildConfigurations = (
				3C8D2CA4221FA0DB00FE89FC /* Debug */,
				3C8D2CA5221FA0DB00FE89FC /* Release */,
			);
			defaultConfigurationIsVisible = 0;
			defaultConfigurationName = Release;
		};
		3C8D2CA6221FA0DB00FE89FC /* Build configuration list for PBXNativeTarget "iOSUtilTests" */ = {
			isa = XCConfigurationList;
			buildConfigurations = (
				3C8D2CA7221FA0DB00FE89FC /* Debug */,
				3C8D2CA8221FA0DB00FE89FC /* Release */,
			);
			defaultConfigurationIsVisible = 0;
			defaultConfigurationName = Release;
		};
		3C8D2CA9221FA0DB00FE89FC /* Build configuration list for PBXNativeTarget "iOSUtilUITests" */ = {
			isa = XCConfigurationList;
			buildConfigurations = (
				3C8D2CAA221FA0DB00FE89FC /* Debug */,
				3C8D2CAB221FA0DB00FE89FC /* Release */,
			);
			defaultConfigurationIsVisible = 0;
			defaultConfigurationName = Release;
		};
/* End XCConfigurationList section */
	};
	rootObject = 3C8D2C73221FA0D900FE89FC /* Project object */;
}
